// !$*UTF8*$!
{
	archiveVersion = 1;
	classes = {
	};
	objectVersion = 56;
	objects = {

/* Begin PBXBuildFile section */
		1981BCC1298C2B2000DFF96B /* AppDelegate.swift in Sources */ = {isa = PBXBuildFile; fileRef = 1981BCC0298C2B2000DFF96B /* AppDelegate.swift */; };
		1981BCC3298C2B2000DFF96B /* SceneDelegate.swift in Sources */ = {isa = PBXBuildFile; fileRef = 1981BCC2298C2B2000DFF96B /* SceneDelegate.swift */; };
		1981BCC5298C2B2000DFF96B /* ViewController.swift in Sources */ = {isa = PBXBuildFile; fileRef = 1981BCC4298C2B2000DFF96B /* ViewController.swift */; };
		1981BCC8298C2B2000DFF96B /* Main.storyboard in Resources */ = {isa = PBXBuildFile; fileRef = 1981BCC6298C2B2000DFF96B /* Main.storyboard */; };
		1981BCCB298C2B2000DFF96B /* Productos.xcdatamodeld in Sources */ = {isa = PBXBuildFile; fileRef = 1981BCC9298C2B2000DFF96B /* Productos.xcdatamodeld */; };
		1981BCCD298C2B2B00DFF96B /* Assets.xcassets in Resources */ = {isa = PBXBuildFile; fileRef = 1981BCCC298C2B2B00DFF96B /* Assets.xcassets */; };
		1981BCD0298C2B2B00DFF96B /* LaunchScreen.storyboard in Resources */ = {isa = PBXBuildFile; fileRef = 1981BCCE298C2B2B00DFF96B /* LaunchScreen.storyboard */; };
		1981BCDB298C2B2C00DFF96B /* ProductosTests.swift in Sources */ = {isa = PBXBuildFile; fileRef = 1981BCDA298C2B2C00DFF96B /* ProductosTests.swift */; };
		1981BCE5298C2B2C00DFF96B /* ProductosUITests.swift in Sources */ = {isa = PBXBuildFile; fileRef = 1981BCE4298C2B2C00DFF96B /* ProductosUITests.swift */; };
		1981BCE7298C2B2C00DFF96B /* ProductosUITestsLaunchTests.swift in Sources */ = {isa = PBXBuildFile; fileRef = 1981BCE6298C2B2C00DFF96B /* ProductosUITestsLaunchTests.swift */; };
/* End PBXBuildFile section */

/* Begin PBXContainerItemProxy section */
		1981BCD7298C2B2C00DFF96B /* PBXContainerItemProxy */ = {
			isa = PBXContainerItemProxy;
			containerPortal = 1981BCB5298C2B2000DFF96B /* Project object */;
			proxyType = 1;
			remoteGlobalIDString = 1981BCBC298C2B2000DFF96B;
			remoteInfo = Productos;
		};
		1981BCE1298C2B2C00DFF96B /* PBXContainerItemProxy */ = {
			isa = PBXContainerItemProxy;
			containerPortal = 1981BCB5298C2B2000DFF96B /* Project object */;
			proxyType = 1;
			remoteGlobalIDString = 1981BCBC298C2B2000DFF96B;
			remoteInfo = Productos;
		};
/* End PBXContainerItemProxy section */

/* Begin PBXFileReference section */
		1981BCBD298C2B2000DFF96B /* Productos.app */ = {isa = PBXFileReference; explicitFileType = wrapper.application; includeInIndex = 0; path = Productos.app; sourceTree = BUILT_PRODUCTS_DIR; };
		1981BCC0298C2B2000DFF96B /* AppDelegate.swift */ = {isa = PBXFileReference; lastKnownFileType = sourcecode.swift; path = AppDelegate.swift; sourceTree = "<group>"; };
		1981BCC2298C2B2000DFF96B /* SceneDelegate.swift */ = {isa = PBXFileReference; lastKnownFileType = sourcecode.swift; path = SceneDelegate.swift; sourceTree = "<group>"; };
		1981BCC4298C2B2000DFF96B /* ViewController.swift */ = {isa = PBXFileReference; lastKnownFileType = sourcecode.swift; path = ViewController.swift; sourceTree = "<group>"; };
		1981BCC7298C2B2000DFF96B /* Base */ = {isa = PBXFileReference; lastKnownFileType = file.storyboard; name = Base; path = Base.lproj/Main.storyboard; sourceTree = "<group>"; };
		1981BCCA298C2B2000DFF96B /* Productos.xcdatamodel */ = {isa = PBXFileReference; lastKnownFileType = wrapper.xcdatamodel; path = Productos.xcdatamodel; sourceTree = "<group>"; };
		1981BCCC298C2B2B00DFF96B /* Assets.xcassets */ = {isa = PBXFileReference; lastKnownFileType = folder.assetcatalog; path = Assets.xcassets; sourceTree = "<group>"; };
		1981BCCF298C2B2B00DFF96B /* Base */ = {isa = PBXFileReference; lastKnownFileType = file.storyboard; name = Base; path = Base.lproj/LaunchScreen.storyboard; sourceTree = "<group>"; };
		1981BCD1298C2B2B00DFF96B /* Info.plist */ = {isa = PBXFileReference; lastKnownFileType = text.plist.xml; path = Info.plist; sourceTree = "<group>"; };
		1981BCD6298C2B2C00DFF96B /* ProductosTests.xctest */ = {isa = PBXFileReference; explicitFileType = wrapper.cfbundle; includeInIndex = 0; path = ProductosTests.xctest; sourceTree = BUILT_PRODUCTS_DIR; };
		1981BCDA298C2B2C00DFF96B /* ProductosTests.swift */ = {isa = PBXFileReference; lastKnownFileType = sourcecode.swift; path = ProductosTests.swift; sourceTree = "<group>"; };
		1981BCE0298C2B2C00DFF96B /* ProductosUITests.xctest */ = {isa = PBXFileReference; explicitFileType = wrapper.cfbundle; includeInIndex = 0; path = ProductosUITests.xctest; sourceTree = BUILT_PRODUCTS_DIR; };
		1981BCE4298C2B2C00DFF96B /* ProductosUITests.swift */ = {isa = PBXFileReference; lastKnownFileType = sourcecode.swift; path = ProductosUITests.swift; sourceTree = "<group>"; };
		1981BCE6298C2B2C00DFF96B /* ProductosUITestsLaunchTests.swift */ = {isa = PBXFileReference; lastKnownFileType = sourcecode.swift; path = ProductosUITestsLaunchTests.swift; sourceTree = "<group>"; };
/* End PBXFileReference section */

/* Begin PBXFrameworksBuildPhase section */
		1981BCBA298C2B2000DFF96B /* Frameworks */ = {
			isa = PBXFrameworksBuildPhase;
			buildActionMask = 2147483647;
			files = (
			);
			runOnlyForDeploymentPostprocessing = 0;
		};
		1981BCD3298C2B2C00DFF96B /* Frameworks */ = {
			isa = PBXFrameworksBuildPhase;
			buildActionMask = 2147483647;
			files = (
			);
			runOnlyForDeploymentPostprocessing = 0;
		};
		1981BCDD298C2B2C00DFF96B /* Frameworks */ = {
			isa = PBXFrameworksBuildPhase;
			buildActionMask = 2147483647;
			files = (
			);
			runOnlyForDeploymentPostprocessing = 0;
		};
/* End PBXFrameworksBuildPhase section */

/* Begin PBXGroup section */
		1981BCB4298C2B2000DFF96B = {
			isa = PBXGroup;
			children = (
				1981BCBF298C2B2000DFF96B /* Productos */,
				1981BCD9298C2B2C00DFF96B /* ProductosTests */,
				1981BCE3298C2B2C00DFF96B /* ProductosUITests */,
				1981BCBE298C2B2000DFF96B /* Products */,
			);
			sourceTree = "<group>";
		};
		1981BCBE298C2B2000DFF96B /* Products */ = {
			isa = PBXGroup;
			children = (
				1981BCBD298C2B2000DFF96B /* Productos.app */,
				1981BCD6298C2B2C00DFF96B /* ProductosTests.xctest */,
				1981BCE0298C2B2C00DFF96B /* ProductosUITests.xctest */,
			);
			name = Products;
			sourceTree = "<group>";
		};
		1981BCBF298C2B2000DFF96B /* Productos */ = {
			isa = PBXGroup;
			children = (
				1981BCC0298C2B2000DFF96B /* AppDelegate.swift */,
				1981BCC2298C2B2000DFF96B /* SceneDelegate.swift */,
				1981BCC4298C2B2000DFF96B /* ViewController.swift */,
				1981BCC6298C2B2000DFF96B /* Main.storyboard */,
				1981BCCC298C2B2B00DFF96B /* Assets.xcassets */,
				1981BCCE298C2B2B00DFF96B /* LaunchScreen.storyboard */,
				1981BCD1298C2B2B00DFF96B /* Info.plist */,
				1981BCC9298C2B2000DFF96B /* Productos.xcdatamodeld */,
			);
			path = Productos;
			sourceTree = "<group>";
		};
		1981BCD9298C2B2C00DFF96B /* ProductosTests */ = {
			isa = PBXGroup;
			children = (
				1981BCDA298C2B2C00DFF96B /* ProductosTests.swift */,
			);
			path = ProductosTests;
			sourceTree = "<group>";
		};
		1981BCE3298C2B2C00DFF96B /* ProductosUITests */ = {
			isa = PBXGroup;
			children = (
				1981BCE4298C2B2C00DFF96B /* ProductosUITests.swift */,
				1981BCE6298C2B2C00DFF96B /* ProductosUITestsLaunchTests.swift */,
			);
			path = ProductosUITests;
			sourceTree = "<group>";
		};
/* End PBXGroup section */

/* Begin PBXNativeTarget section */
		1981BCBC298C2B2000DFF96B /* Productos */ = {
			isa = PBXNativeTarget;
			buildConfigurationList = 1981BCEA298C2B2C00DFF96B /* Build configuration list for PBXNativeTarget "Productos" */;
			buildPhases = (
				1981BCB9298C2B2000DFF96B /* Sources */,
				1981BCBA298C2B2000DFF96B /* Frameworks */,
				1981BCBB298C2B2000DFF96B /* Resources */,
			);
			buildRules = (
			);
			dependencies = (
			);
			name = Productos;
			productName = Productos;
			productReference = 1981BCBD298C2B2000DFF96B /* Productos.app */;
			productType = "com.apple.product-type.application";
		};
		1981BCD5298C2B2C00DFF96B /* ProductosTests */ = {
			isa = PBXNativeTarget;
			buildConfigurationList = 1981BCED298C2B2C00DFF96B /* Build configuration list for PBXNativeTarget "ProductosTests" */;
			buildPhases = (
				1981BCD2298C2B2C00DFF96B /* Sources */,
				1981BCD3298C2B2C00DFF96B /* Frameworks */,
				1981BCD4298C2B2C00DFF96B /* Resources */,
			);
			buildRules = (
			);
			dependencies = (
				1981BCD8298C2B2C00DFF96B /* PBXTargetDependency */,
			);
			name = ProductosTests;
			productName = ProductosTests;
			productReference = 1981BCD6298C2B2C00DFF96B /* ProductosTests.xctest */;
			productType = "com.apple.product-type.bundle.unit-test";
		};
		1981BCDF298C2B2C00DFF96B /* ProductosUITests */ = {
			isa = PBXNativeTarget;
			buildConfigurationList = 1981BCF0298C2B2C00DFF96B /* Build configuration list for PBXNativeTarget "ProductosUITests" */;
			buildPhases = (
				1981BCDC298C2B2C00DFF96B /* Sources */,
				1981BCDD298C2B2C00DFF96B /* Frameworks */,
				1981BCDE298C2B2C00DFF96B /* Resources */,
			);
			buildRules = (
			);
			dependencies = (
				1981BCE2298C2B2C00DFF96B /* PBXTargetDependency */,
			);
			name = ProductosUITests;
			productName = ProductosUITests;
			productReference = 1981BCE0298C2B2C00DFF96B /* ProductosUITests.xctest */;
			productType = "com.apple.product-type.bundle.ui-testing";
		};
/* End PBXNativeTarget section */

/* Begin PBXProject section */
		1981BCB5298C2B2000DFF96B /* Project object */ = {
			isa = PBXProject;
			attributes = {
				BuildIndependentTargetsInParallel = 1;
				LastSwiftUpdateCheck = 1410;
				LastUpgradeCheck = 1410;
				TargetAttributes = {
					1981BCBC298C2B2000DFF96B = {
						CreatedOnToolsVersion = 14.1;
					};
					1981BCD5298C2B2C00DFF96B = {
						CreatedOnToolsVersion = 14.1;
						TestTargetID = 1981BCBC298C2B2000DFF96B;
					};
					1981BCDF298C2B2C00DFF96B = {
						CreatedOnToolsVersion = 14.1;
						TestTargetID = 1981BCBC298C2B2000DFF96B;
					};
				};
			};
			buildConfigurationList = 1981BCB8298C2B2000DFF96B /* Build configuration list for PBXProject "Productos" */;
			compatibilityVersion = "Xcode 14.0";
			developmentRegion = en;
			hasScannedForEncodings = 0;
			knownRegions = (
				en,
				Base,
			);
			mainGroup = 1981BCB4298C2B2000DFF96B;
			productRefGroup = 1981BCBE298C2B2000DFF96B /* Products */;
			projectDirPath = "";
			projectRoot = "";
			targets = (
				1981BCBC298C2B2000DFF96B /* Productos */,
				1981BCD5298C2B2C00DFF96B /* ProductosTests */,
				1981BCDF298C2B2C00DFF96B /* ProductosUITests */,
			);
		};
/* End PBXProject section */

/* Begin PBXResourcesBuildPhase section */
		1981BCBB298C2B2000DFF96B /* Resources */ = {
			isa = PBXResourcesBuildPhase;
			buildActionMask = 2147483647;
			files = (
				1981BCD0298C2B2B00DFF96B /* LaunchScreen.storyboard in Resources */,
				1981BCCD298C2B2B00DFF96B /* Assets.xcassets in Resources */,
				1981BCC8298C2B2000DFF96B /* Main.storyboard in Resources */,
			);
			runOnlyForDeploymentPostprocessing = 0;
		};
		1981BCD4298C2B2C00DFF96B /* Resources */ = {
			isa = PBXResourcesBuildPhase;
			buildActionMask = 2147483647;
			files = (
			);
			runOnlyForDeploymentPostprocessing = 0;
		};
		1981BCDE298C2B2C00DFF96B /* Resources */ = {
			isa = PBXResourcesBuildPhase;
			buildActionMask = 2147483647;
			files = (
			);
			runOnlyForDeploymentPostprocessing = 0;
		};
/* End PBXResourcesBuildPhase section */

/* Begin PBXSourcesBuildPhase section */
		1981BCB9298C2B2000DFF96B /* Sources */ = {
			isa = PBXSourcesBuildPhase;
			buildActionMask = 2147483647;
			files = (
				1981BCC5298C2B2000DFF96B /* ViewController.swift in Sources */,
				1981BCCB298C2B2000DFF96B /* Productos.xcdatamodeld in Sources */,
				1981BCC1298C2B2000DFF96B /* AppDelegate.swift in Sources */,
				1981BCC3298C2B2000DFF96B /* SceneDelegate.swift in Sources */,
			);
			runOnlyForDeploymentPostprocessing = 0;
		};
		1981BCD2298C2B2C00DFF96B /* Sources */ = {
			isa = PBXSourcesBuildPhase;
			buildActionMask = 2147483647;
			files = (
				1981BCDB298C2B2C00DFF96B /* ProductosTests.swift in Sources */,
			);
			runOnlyForDeploymentPostprocessing = 0;
		};
		1981BCDC298C2B2C00DFF96B /* Sources */ = {
			isa = PBXSourcesBuildPhase;
			buildActionMask = 2147483647;
			files = (
				1981BCE7298C2B2C00DFF96B /* ProductosUITestsLaunchTests.swift in Sources */,
				1981BCE5298C2B2C00DFF96B /* ProductosUITests.swift in Sources */,
			);
			runOnlyForDeploymentPostprocessing = 0;
		};
/* End PBXSourcesBuildPhase section */

/* Begin PBXTargetDependency section */
		1981BCD8298C2B2C00DFF96B /* PBXTargetDependency */ = {
			isa = PBXTargetDependency;
			target = 1981BCBC298C2B2000DFF96B /* Productos */;
			targetProxy = 1981BCD7298C2B2C00DFF96B /* PBXContainerItemProxy */;
		};
		1981BCE2298C2B2C00DFF96B /* PBXTargetDependency */ = {
			isa = PBXTargetDependency;
			target = 1981BCBC298C2B2000DFF96B /* Productos */;
			targetProxy = 1981BCE1298C2B2C00DFF96B /* PBXContainerItemProxy */;
		};
/* End PBXTargetDependency section */

/* Begin PBXVariantGroup section */
		1981BCC6298C2B2000DFF96B /* Main.storyboard */ = {
			isa = PBXVariantGroup;
			children = (
				1981BCC7298C2B2000DFF96B /* Base */,
			);
			name = Main.storyboard;
			sourceTree = "<group>";
		};
		1981BCCE298C2B2B00DFF96B /* LaunchScreen.storyboard */ = {
			isa = PBXVariantGroup;
			children = (
				1981BCCF298C2B2B00DFF96B /* Base */,
			);
			name = LaunchScreen.storyboard;
			sourceTree = "<group>";
		};
/* End PBXVariantGroup section */

/* Begin XCBuildConfiguration section */
		1981BCE8298C2B2C00DFF96B /* Debug */ = {
			isa = XCBuildConfiguration;
			buildSettings = {
				ALWAYS_SEARCH_USER_PATHS = NO;
				CLANG_ANALYZER_NONNULL = YES;
				CLANG_ANALYZER_NUMBER_OBJECT_CONVERSION = YES_AGGRESSIVE;
				CLANG_CXX_LANGUAGE_STANDARD = "gnu++20";
				CLANG_ENABLE_MODULES = YES;
				CLANG_ENABLE_OBJC_ARC = YES;
				CLANG_ENABLE_OBJC_WEAK = YES;
				CLANG_WARN_BLOCK_CAPTURE_AUTORELEASING = YES;
				CLANG_WARN_BOOL_CONVERSION = YES;
				CLANG_WARN_COMMA = YES;
				CLANG_WARN_CONSTANT_CONVERSION = YES;
				CLANG_WARN_DEPRECATED_OBJC_IMPLEMENTATIONS = YES;
				CLANG_WARN_DIRECT_OBJC_ISA_USAGE = YES_ERROR;
				CLANG_WARN_DOCUMENTATION_COMMENTS = YES;
				CLANG_WARN_EMPTY_BODY = YES;
				CLANG_WARN_ENUM_CONVERSION = YES;
				CLANG_WARN_INFINITE_RECURSION = YES;
				CLANG_WARN_INT_CONVERSION = YES;
				CLANG_WARN_NON_LITERAL_NULL_CONVERSION = YES;
				CLANG_WARN_OBJC_IMPLICIT_RETAIN_SELF = YES;
				CLANG_WARN_OBJC_LITERAL_CONVERSION = YES;
				CLANG_WARN_OBJC_ROOT_CLASS = YES_ERROR;
				CLANG_WARN_QUOTED_INCLUDE_IN_FRAMEWORK_HEADER = YES;
				CLANG_WARN_RANGE_LOOP_ANALYSIS = YES;
				CLANG_WARN_STRICT_PROTOTYPES = YES;
				CLANG_WARN_SUSPICIOUS_MOVE = YES;
				CLANG_WARN_UNGUARDED_AVAILABILITY = YES_AGGRESSIVE;
				CLANG_WARN_UNREACHABLE_CODE = YES;
				CLANG_WARN__DUPLICATE_METHOD_MATCH = YES;
				COPY_PHASE_STRIP = NO;
				DEBUG_INFORMATION_FORMAT = dwarf;
				ENABLE_STRICT_OBJC_MSGSEND = YES;
				ENABLE_TESTABILITY = YES;
				GCC_C_LANGUAGE_STANDARD = gnu11;
				GCC_DYNAMIC_NO_PIC = NO;
				GCC_NO_COMMON_BLOCKS = YES;
				GCC_OPTIMIZATION_LEVEL = 0;
				GCC_PREPROCESSOR_DEFINITIONS = (
					"DEBUG=1",
					"$(inherited)",
				);
				GCC_WARN_64_TO_32_BIT_CONVERSION = YES;
				GCC_WARN_ABOUT_RETURN_TYPE = YES_ERROR;
				GCC_WARN_UNDECLARED_SELECTOR = YES;
				GCC_WARN_UNINITIALIZED_AUTOS = YES_AGGRESSIVE;
				GCC_WARN_UNUSED_FUNCTION = YES;
				GCC_WARN_UNUSED_VARIABLE = YES;
				IPHONEOS_DEPLOYMENT_TARGET = 16.1;
				MTL_ENABLE_DEBUG_INFO = INCLUDE_SOURCE;
				MTL_FAST_MATH = YES;
				ONLY_ACTIVE_ARCH = YES;
				SDKROOT = iphoneos;
				SWIFT_ACTIVE_COMPILATION_CONDITIONS = DEBUG;
				SWIFT_OPTIMIZATION_LEVEL = "-Onone";
			};
			name = Debug;
		};
		1981BCE9298C2B2C00DFF96B /* Release */ = {
			isa = XCBuildConfiguration;
			buildSettings = {
				ALWAYS_SEARCH_USER_PATHS = NO;
				CLANG_ANALYZER_NONNULL = YES;
				CLANG_ANALYZER_NUMBER_OBJECT_CONVERSION = YES_AGGRESSIVE;
				CLANG_CXX_LANGUAGE_STANDARD = "gnu++20";
				CLANG_ENABLE_MODULES = YES;
				CLANG_ENABLE_OBJC_ARC = YES;
				CLANG_ENABLE_OBJC_WEAK = YES;
				CLANG_WARN_BLOCK_CAPTURE_AUTORELEASING = YES;
				CLANG_WARN_BOOL_CONVERSION = YES;
				CLANG_WARN_COMMA = YES;
				CLANG_WARN_CONSTANT_CONVERSION = YES;
				CLANG_WARN_DEPRECATED_OBJC_IMPLEMENTATIONS = YES;
				CLANG_WARN_DIRECT_OBJC_ISA_USAGE = YES_ERROR;
				CLANG_WARN_DOCUMENTATION_COMMENTS = YES;
				CLANG_WARN_EMPTY_BODY = YES;
				CLANG_WARN_ENUM_CONVERSION = YES;
				CLANG_WARN_INFINITE_RECURSION = YES;
				CLANG_WARN_INT_CONVERSION = YES;
				CLANG_WARN_NON_LITERAL_NULL_CONVERSION = YES;
				CLANG_WARN_OBJC_IMPLICIT_RETAIN_SELF = YES;
				CLANG_WARN_OBJC_LITERAL_CONVERSION = YES;
				CLANG_WARN_OBJC_ROOT_CLASS = YES_ERROR;
				CLANG_WARN_QUOTED_INCLUDE_IN_FRAMEWORK_HEADER = YES;
				CLANG_WARN_RANGE_LOOP_ANALYSIS = YES;
				CLANG_WARN_STRICT_PROTOTYPES = YES;
				CLANG_WARN_SUSPICIOUS_MOVE = YES;
				CLANG_WARN_UNGUARDED_AVAILABILITY = YES_AGGRESSIVE;
				CLANG_WARN_UNREACHABLE_CODE = YES;
				CLANG_WARN__DUPLICATE_METHOD_MATCH = YES;
				COPY_PHASE_STRIP = NO;
				DEBUG_INFORMATION_FORMAT = "dwarf-with-dsym";
				ENABLE_NS_ASSERTIONS = NO;
				ENABLE_STRICT_OBJC_MSGSEND = YES;
				GCC_C_LANGUAGE_STANDARD = gnu11;
				GCC_NO_COMMON_BLOCKS = YES;
				GCC_WARN_64_TO_32_BIT_CONVERSION = YES;
				GCC_WARN_ABOUT_RETURN_TYPE = YES_ERROR;
				GCC_WARN_UNDECLARED_SELECTOR = YES;
				GCC_WARN_UNINITIALIZED_AUTOS = YES_AGGRESSIVE;
				GCC_WARN_UNUSED_FUNCTION = YES;
				GCC_WARN_UNUSED_VARIABLE = YES;
				IPHONEOS_DEPLOYMENT_TARGET = 16.1;
				MTL_ENABLE_DEBUG_INFO = NO;
				MTL_FAST_MATH = YES;
				SDKROOT = iphoneos;
				SWIFT_COMPILATION_MODE = wholemodule;
				SWIFT_OPTIMIZATION_LEVEL = "-O";
				VALIDATE_PRODUCT = YES;
			};
			name = Release;
		};
		1981BCEB298C2B2C00DFF96B /* Debug */ = {
			isa = XCBuildConfiguration;
			buildSettings = {
				ASSETCATALOG_COMPILER_APPICON_NAME = AppIcon;
				ASSETCATALOG_COMPILER_GLOBAL_ACCENT_COLOR_NAME = AccentColor;
				CODE_SIGN_STYLE = Automatic;
				CURRENT_PROJECT_VERSION = 1;
				GENERATE_INFOPLIST_FILE = YES;
				INFOPLIST_FILE = Productos/Info.plist;
				INFOPLIST_KEY_UIApplicationSupportsIndirectInputEvents = YES;
				INFOPLIST_KEY_UILaunchStoryboardName = LaunchScreen;
				INFOPLIST_KEY_UIMainStoryboardFile = Main;
				INFOPLIST_KEY_UISupportedInterfaceOrientations_iPad = "UIInterfaceOrientationPortrait UIInterfaceOrientationPortraitUpsideDown UIInterfaceOrientationLandscapeLeft UIInterfaceOrientationLandscapeRight";
				INFOPLIST_KEY_UISupportedInterfaceOrientations_iPhone = "UIInterfaceOrientationPortrait UIInterfaceOrientationLandscapeLeft UIInterfaceOrientationLandscapeRight";
				LD_RUNPATH_SEARCH_PATHS = (
					"$(inherited)",
					"@executable_path/Frameworks",
				);
				MARKETING_VERSION = 1.0;
				PRODUCT_BUNDLE_IDENTIFIER = test.viper.com.Productos;
				PRODUCT_NAME = "$(TARGET_NAME)";
				SWIFT_EMIT_LOC_STRINGS = YES;
				SWIFT_VERSION = 5.0;
				TARGETED_DEVICE_FAMILY = "1,2";
			};
			name = Debug;
		};
		1981BCEC298C2B2C00DFF96B /* Release */ = {
			isa = XCBuildConfiguration;
			buildSettings = {
				ASSETCATALOG_COMPILER_APPICON_NAME = AppIcon;
				ASSETCATALOG_COMPILER_GLOBAL_ACCENT_COLOR_NAME = AccentColor;
				CODE_SIGN_STYLE = Automatic;
				CURRENT_PROJECT_VERSION = 1;
				GENERATE_INFOPLIST_FILE = YES;
				INFOPLIST_FILE = Productos/Info.plist;
				INFOPLIST_KEY_UIApplicationSupportsIndirectInputEvents = YES;
				INFOPLIST_KEY_UILaunchStoryboardName = LaunchScreen;
				INFOPLIST_KEY_UIMainStoryboardFile = Main;
				INFOPLIST_KEY_UISupportedInterfaceOrientations_iPad = "UIInterfaceOrientationPortrait UIInterfaceOrientationPortraitUpsideDown UIInterfaceOrientationLandscapeLeft UIInterfaceOrientationLandscapeRight";
				INFOPLIST_KEY_UISupportedInterfaceOrientations_iPhone = "UIInterfaceOrientationPortrait UIInterfaceOrientationLandscapeLeft UIInterfaceOrientationLandscapeRight";
				LD_RUNPATH_SEARCH_PATHS = (
					"$(inherited)",
					"@executable_path/Frameworks",
				);
				MARKETING_VERSION = 1.0;
				PRODUCT_BUNDLE_IDENTIFIER = test.viper.com.Productos;
				PRODUCT_NAME = "$(TARGET_NAME)";
				SWIFT_EMIT_LOC_STRINGS = YES;
				SWIFT_VERSION = 5.0;
				TARGETED_DEVICE_FAMILY = "1,2";
			};
			name = Release;
		};
		1981BCEE298C2B2C00DFF96B /* Debug */ = {
			isa = XCBuildConfiguration;
			buildSettings = {
				ALWAYS_EMBED_SWIFT_STANDARD_LIBRARIES = YES;
				BUNDLE_LOADER = "$(TEST_HOST)";
				CODE_SIGN_STYLE = Automatic;
				CURRENT_PROJECT_VERSION = 1;
				GENERATE_INFOPLIST_FILE = YES;
				IPHONEOS_DEPLOYMENT_TARGET = 16.1;
				MARKETING_VERSION = 1.0;
				PRODUCT_BUNDLE_IDENTIFIER = test.viper.com.ProductosTests;
				PRODUCT_NAME = "$(TARGET_NAME)";
				SWIFT_EMIT_LOC_STRINGS = NO;
				SWIFT_VERSION = 5.0;
				TARGETED_DEVICE_FAMILY = "1,2";
				TEST_HOST = "$(BUILT_PRODUCTS_DIR)/Productos.app/$(BUNDLE_EXECUTABLE_FOLDER_PATH)/Productos";
			};
			name = Debug;
		};
		1981BCEF298C2B2C00DFF96B /* Release */ = {
			isa = XCBuildConfiguration;
			buildSettings = {
				ALWAYS_EMBED_SWIFT_STANDARD_LIBRARIES = YES;
				BUNDLE_LOADER = "$(TEST_HOST)";
				CODE_SIGN_STYLE = Automatic;
				CURRENT_PROJECT_VERSION = 1;
				GENERATE_INFOPLIST_FILE = YES;
				IPHONEOS_DEPLOYMENT_TARGET = 16.1;
				MARKETING_VERSION = 1.0;
				PRODUCT_BUNDLE_IDENTIFIER = test.viper.com.ProductosTests;
				PRODUCT_NAME = "$(TARGET_NAME)";
				SWIFT_EMIT_LOC_STRINGS = NO;
				SWIFT_VERSION = 5.0;
				TARGETED_DEVICE_FAMILY = "1,2";
				TEST_HOST = "$(BUILT_PRODUCTS_DIR)/Productos.app/$(BUNDLE_EXECUTABLE_FOLDER_PATH)/Productos";
			};
			name = Release;
		};
		1981BCF1298C2B2C00DFF96B /* Debug */ = {
			isa = XCBuildConfiguration;
			buildSettings = {
				ALWAYS_EMBED_SWIFT_STANDARD_LIBRARIES = YES;
				CODE_SIGN_STYLE = Automatic;
				CURRENT_PROJECT_VERSION = 1;
				GENERATE_INFOPLIST_FILE = YES;
				MARKETING_VERSION = 1.0;
				PRODUCT_BUNDLE_IDENTIFIER = test.viper.com.ProductosUITests;
				PRODUCT_NAME = "$(TARGET_NAME)";
				SWIFT_EMIT_LOC_STRINGS = NO;
				SWIFT_VERSION = 5.0;
				TARGETED_DEVICE_FAMILY = "1,2";
				TEST_TARGET_NAME = Productos;
			};
			name = Debug;
		};
		1981BCF2298C2B2C00DFF96B /* Release */ = {
			isa = XCBuildConfiguration;
			buildSettings = {
				ALWAYS_EMBED_SWIFT_STANDARD_LIBRARIES = YES;
				CODE_SIGN_STYLE = Automatic;
				CURRENT_PROJECT_VERSION = 1;
				GENERATE_INFOPLIST_FILE = YES;
				MARKETING_VERSION = 1.0;
				PRODUCT_BUNDLE_IDENTIFIER = test.viper.com.ProductosUITests;
				PRODUCT_NAME = "$(TARGET_NAME)";
				SWIFT_EMIT_LOC_STRINGS = NO;
				SWIFT_VERSION = 5.0;
				TARGETED_DEVICE_FAMILY = "1,2";
				TEST_TARGET_NAME = Productos;
			};
			name = Release;
		};
/* End XCBuildConfiguration section */

/* Begin XCConfigurationList section */
		1981BCB8298C2B2000DFF96B /* Build configuration list for PBXProject "Productos" */ = {
			isa = XCConfigurationList;
			buildConfigurations = (
				1981BCE8298C2B2C00DFF96B /* Debug */,
				1981BCE9298C2B2C00DFF96B /* Release */,
			);
			defaultConfigurationIsVisible = 0;
			defaultConfigurationName = Release;
		};
		1981BCEA298C2B2C00DFF96B /* Build configuration list for PBXNativeTarget "Productos" */ = {
			isa = XCConfigurationList;
			buildConfigurations = (
				1981BCEB298C2B2C00DFF96B /* Debug */,
				1981BCEC298C2B2C00DFF96B /* Release */,
			);
			defaultConfigurationIsVisible = 0;
			defaultConfigurationName = Release;
		};
		1981BCED298C2B2C00DFF96B /* Build configuration list for PBXNativeTarget "ProductosTests" */ = {
			isa = XCConfigurationList;
			buildConfigurations = (
				1981BCEE298C2B2C00DFF96B /* Debug */,
				1981BCEF298C2B2C00DFF96B /* Release */,
			);
			defaultConfigurationIsVisible = 0;
			defaultConfigurationName = Release;
		};
		1981BCF0298C2B2C00DFF96B /* Build configuration list for PBXNativeTarget "ProductosUITests" */ = {
			isa = XCConfigurationList;
			buildConfigurations = (
				1981BCF1298C2B2C00DFF96B /* Debug */,
				1981BCF2298C2B2C00DFF96B /* Release */,
			);
			defaultConfigurationIsVisible = 0;
			defaultConfigurationName = Release;
		};
/* End XCConfigurationList section */

/* Begin XCVersionGroup section */
		1981BCC9298C2B2000DFF96B /* Productos.xcdatamodeld */ = {
			isa = XCVersionGroup;
			children = (
				1981BCCA298C2B2000DFF96B /* Productos.xcdatamodel */,
			);
			currentVersion = 1981BCCA298C2B2000DFF96B /* Productos.xcdatamodel */;
			path = Productos.xcdatamodeld;
			sourceTree = "<group>";
			versionGroupType = wrapper.xcdatamodel;
		};
/* End XCVersionGroup section */
	};
	rootObject = 1981BCB5298C2B2000DFF96B /* Project object */;
}
